
Microsoft Visual Studio Solution File, Format Version 12.00
Project("{FAE04EC0-301F-11D3-BF4B-00C04F79EFBC}") = "Laboratorna_12_12_LIST", "Laboratorna_12_12_LIST\Laboratorna_12_12_LIST.csproj", "{80D124A3-6B56-4AAC-8FFD-1EE562A20506}"
EndProject
Project("{FAE04EC0-301F-11D3-BF4B-00C04F79EFBC}") = "Laboratorna_12_12_LIST.Tests", "Laboratorna_12_12_LIST.Tests\Laboratorna_12_12_LIST.Tests.csproj", "{31E33D6F-57D1-4829-A591-E32162438DB4}"
EndProject
Global
	GlobalSection(SolutionConfigurationPlatforms) = preSolution
		Debug|Any CPU = Debug|Any CPU
		Release|Any CPU = Release|Any CPU
	EndGlobalSection
	GlobalSection(ProjectConfigurationPlatforms) = postSolution
		{80D124A3-6B56-4AAC-8FFD-1EE562A20506}.Debug|Any CPU.ActiveCfg = Debug|Any CPU
		{80D124A3-6B56-4AAC-8FFD-1EE562A20506}.Debug|Any CPU.Build.0 = Debug|Any CPU
		{80D124A3-6B56-4AAC-8FFD-1EE562A20506}.Release|Any CPU.ActiveCfg = Release|Any CPU
		{80D124A3-6B56-4AAC-8FFD-1EE562A20506}.Release|Any CPU.Build.0 = Release|Any CPU
		{31E33D6F-57D1-4829-A591-E32162438DB4}.Debug|Any CPU.ActiveCfg = Debug|Any CPU
		{31E33D6F-57D1-4829-A591-E32162438DB4}.Debug|Any CPU.Build.0 = Debug|Any CPU
		{31E33D6F-57D1-4829-A591-E32162438DB4}.Release|Any CPU.ActiveCfg = Release|Any CPU
		{31E33D6F-57D1-4829-A591-E32162438DB4}.Release|Any CPU.Build.0 = Release|Any CPU
	EndGlobalSection
EndGlobal
